// !$*UTF8*$!
{
	archiveVersion = 1;
	classes = {
	};
	objectVersion = 56;
	objects = {

/* Begin PBXBuildFile section */
		CE8501CD2ACD4E6900BE9B98 /* AppDelegate.swift in Sources */ = {isa = PBXBuildFile; fileRef = CE8501CC2ACD4E6900BE9B98 /* AppDelegate.swift */; };
		CE8501CF2ACD4E6900BE9B98 /* SceneDelegate.swift in Sources */ = {isa = PBXBuildFile; fileRef = CE8501CE2ACD4E6900BE9B98 /* SceneDelegate.swift */; };
		CE8501D12ACD4E6900BE9B98 /* ViewController.swift in Sources */ = {isa = PBXBuildFile; fileRef = CE8501D02ACD4E6900BE9B98 /* ViewController.swift */; };
		CE8501D42ACD4E6900BE9B98 /* Main.storyboard in Resources */ = {isa = PBXBuildFile; fileRef = CE8501D22ACD4E6900BE9B98 /* Main.storyboard */; };
		CE8501D62ACD4E6C00BE9B98 /* Assets.xcassets in Resources */ = {isa = PBXBuildFile; fileRef = CE8501D52ACD4E6C00BE9B98 /* Assets.xcassets */; };
		CE8501D92ACD4E6C00BE9B98 /* LaunchScreen.storyboard in Resources */ = {isa = PBXBuildFile; fileRef = CE8501D72ACD4E6C00BE9B98 /* LaunchScreen.storyboard */; };
		CE8501E42ACD4E6C00BE9B98 /* facebookTests.swift in Sources */ = {isa = PBXBuildFile; fileRef = CE8501E32ACD4E6C00BE9B98 /* facebookTests.swift */; };
		CE8501EE2ACD4E6C00BE9B98 /* facebookUITests.swift in Sources */ = {isa = PBXBuildFile; fileRef = CE8501ED2ACD4E6C00BE9B98 /* facebookUITests.swift */; };
		CE8501F02ACD4E6C00BE9B98 /* facebookUITestsLaunchTests.swift in Sources */ = {isa = PBXBuildFile; fileRef = CE8501EF2ACD4E6C00BE9B98 /* facebookUITestsLaunchTests.swift */; };
		CE8501FD2ACD563B00BE9B98 /* fbTableViewController.swift in Sources */ = {isa = PBXBuildFile; fileRef = CE8501FC2ACD563B00BE9B98 /* fbTableViewController.swift */; };
		CE8501FF2ACD566900BE9B98 /* userfbTableViewCell.swift in Sources */ = {isa = PBXBuildFile; fileRef = CE8501FE2ACD566900BE9B98 /* userfbTableViewCell.swift */; };
		CE8502012ACD567E00BE9B98 /* settingsfbTableViewCell.swift in Sources */ = {isa = PBXBuildFile; fileRef = CE8502002ACD567E00BE9B98 /* settingsfbTableViewCell.swift */; };
		CE8502032ACD56BA00BE9B98 /* userViewController.swift in Sources */ = {isa = PBXBuildFile; fileRef = CE8502022ACD56BA00BE9B98 /* userViewController.swift */; };
/* End PBXBuildFile section */

/* Begin PBXContainerItemProxy section */
		CE8501E02ACD4E6C00BE9B98 /* PBXContainerItemProxy */ = {
			isa = PBXContainerItemProxy;
			containerPortal = CE8501C12ACD4E6900BE9B98 /* Project object */;
			proxyType = 1;
			remoteGlobalIDString = CE8501C82ACD4E6900BE9B98;
			remoteInfo = facebook;
		};
		CE8501EA2ACD4E6C00BE9B98 /* PBXContainerItemProxy */ = {
			isa = PBXContainerItemProxy;
			containerPortal = CE8501C12ACD4E6900BE9B98 /* Project object */;
			proxyType = 1;
			remoteGlobalIDString = CE8501C82ACD4E6900BE9B98;
			remoteInfo = facebook;
		};
/* End PBXContainerItemProxy section */

/* Begin PBXFileReference section */
		CE8501C92ACD4E6900BE9B98 /* facebook.app */ = {isa = PBXFileReference; explicitFileType = wrapper.application; includeInIndex = 0; path = facebook.app; sourceTree = BUILT_PRODUCTS_DIR; };
		CE8501CC2ACD4E6900BE9B98 /* AppDelegate.swift */ = {isa = PBXFileReference; lastKnownFileType = sourcecode.swift; path = AppDelegate.swift; sourceTree = "<group>"; };
		CE8501CE2ACD4E6900BE9B98 /* SceneDelegate.swift */ = {isa = PBXFileReference; lastKnownFileType = sourcecode.swift; path = SceneDelegate.swift; sourceTree = "<group>"; };
		CE8501D02ACD4E6900BE9B98 /* ViewController.swift */ = {isa = PBXFileReference; lastKnownFileType = sourcecode.swift; path = ViewController.swift; sourceTree = "<group>"; };
		CE8501D32ACD4E6900BE9B98 /* Base */ = {isa = PBXFileReference; lastKnownFileType = file.storyboard; name = Base; path = Base.lproj/Main.storyboard; sourceTree = "<group>"; };
		CE8501D52ACD4E6C00BE9B98 /* Assets.xcassets */ = {isa = PBXFileReference; lastKnownFileType = folder.assetcatalog; path = Assets.xcassets; sourceTree = "<group>"; };
		CE8501D82ACD4E6C00BE9B98 /* Base */ = {isa = PBXFileReference; lastKnownFileType = file.storyboard; name = Base; path = Base.lproj/LaunchScreen.storyboard; sourceTree = "<group>"; };
		CE8501DA2ACD4E6C00BE9B98 /* Info.plist */ = {isa = PBXFileReference; lastKnownFileType = text.plist.xml; path = Info.plist; sourceTree = "<group>"; };
		CE8501DF2ACD4E6C00BE9B98 /* facebookTests.xctest */ = {isa = PBXFileReference; explicitFileType = wrapper.cfbundle; includeInIndex = 0; path = facebookTests.xctest; sourceTree = BUILT_PRODUCTS_DIR; };
		CE8501E32ACD4E6C00BE9B98 /* facebookTests.swift */ = {isa = PBXFileReference; lastKnownFileType = sourcecode.swift; path = facebookTests.swift; sourceTree = "<group>"; };
		CE8501E92ACD4E6C00BE9B98 /* facebookUITests.xctest */ = {isa = PBXFileReference; explicitFileType = wrapper.cfbundle; includeInIndex = 0; path = facebookUITests.xctest; sourceTree = BUILT_PRODUCTS_DIR; };
		CE8501ED2ACD4E6C00BE9B98 /* facebookUITests.swift */ = {isa = PBXFileReference; lastKnownFileType = sourcecode.swift; path = facebookUITests.swift; sourceTree = "<group>"; };
		CE8501EF2ACD4E6C00BE9B98 /* facebookUITestsLaunchTests.swift */ = {isa = PBXFileReference; lastKnownFileType = sourcecode.swift; path = facebookUITestsLaunchTests.swift; sourceTree = "<group>"; };
		CE8501FC2ACD563B00BE9B98 /* fbTableViewController.swift */ = {isa = PBXFileReference; lastKnownFileType = sourcecode.swift; path = fbTableViewController.swift; sourceTree = "<group>"; };
		CE8501FE2ACD566900BE9B98 /* userfbTableViewCell.swift */ = {isa = PBXFileReference; lastKnownFileType = sourcecode.swift; path = userfbTableViewCell.swift; sourceTree = "<group>"; };
		CE8502002ACD567E00BE9B98 /* settingsfbTableViewCell.swift */ = {isa = PBXFileReference; lastKnownFileType = sourcecode.swift; path = settingsfbTableViewCell.swift; sourceTree = "<group>"; };
		CE8502022ACD56BA00BE9B98 /* userViewController.swift */ = {isa = PBXFileReference; lastKnownFileType = sourcecode.swift; path = userViewController.swift; sourceTree = "<group>"; };
/* End PBXFileReference section */

/* Begin PBXFrameworksBuildPhase section */
		CE8501C62ACD4E6900BE9B98 /* Frameworks */ = {
			isa = PBXFrameworksBuildPhase;
			buildActionMask = 2147483647;
			files = (
			);
			runOnlyForDeploymentPostprocessing = 0;
		};
		CE8501DC2ACD4E6C00BE9B98 /* Frameworks */ = {
			isa = PBXFrameworksBuildPhase;
			buildActionMask = 2147483647;
			files = (
			);
			runOnlyForDeploymentPostprocessing = 0;
		};
		CE8501E62ACD4E6C00BE9B98 /* Frameworks */ = {
			isa = PBXFrameworksBuildPhase;
			buildActionMask = 2147483647;
			files = (
			);
			runOnlyForDeploymentPostprocessing = 0;
		};
/* End PBXFrameworksBuildPhase section */

/* Begin PBXGroup section */
		CE8501C02ACD4E6900BE9B98 = {
			isa = PBXGroup;
			children = (
				CE8501CB2ACD4E6900BE9B98 /* facebook */,
				CE8501E22ACD4E6C00BE9B98 /* facebookTests */,
				CE8501EC2ACD4E6C00BE9B98 /* facebookUITests */,
				CE8501CA2ACD4E6900BE9B98 /* Products */,
			);
			sourceTree = "<group>";
		};
		CE8501CA2ACD4E6900BE9B98 /* Products */ = {
			isa = PBXGroup;
			children = (
				CE8501C92ACD4E6900BE9B98 /* facebook.app */,
				CE8501DF2ACD4E6C00BE9B98 /* facebookTests.xctest */,
				CE8501E92ACD4E6C00BE9B98 /* facebookUITests.xctest */,
			);
			name = Products;
			sourceTree = "<group>";
		};
		CE8501CB2ACD4E6900BE9B98 /* facebook */ = {
			isa = PBXGroup;
			children = (
				CE8501CC2ACD4E6900BE9B98 /* AppDelegate.swift */,
				CE8501CE2ACD4E6900BE9B98 /* SceneDelegate.swift */,
				CE8501D02ACD4E6900BE9B98 /* ViewController.swift */,
				CE8501D22ACD4E6900BE9B98 /* Main.storyboard */,
				CE8501FE2ACD566900BE9B98 /* userfbTableViewCell.swift */,
				CE8502002ACD567E00BE9B98 /* settingsfbTableViewCell.swift */,
				CE8502022ACD56BA00BE9B98 /* userViewController.swift */,
				CE8501FC2ACD563B00BE9B98 /* fbTableViewController.swift */,
				CE8501D52ACD4E6C00BE9B98 /* Assets.xcassets */,
				CE8501D72ACD4E6C00BE9B98 /* LaunchScreen.storyboard */,
				CE8501DA2ACD4E6C00BE9B98 /* Info.plist */,
			);
			path = facebook;
			sourceTree = "<group>";
		};
		CE8501E22ACD4E6C00BE9B98 /* facebookTests */ = {
			isa = PBXGroup;
			children = (
				CE8501E32ACD4E6C00BE9B98 /* facebookTests.swift */,
			);
			path = facebookTests;
			sourceTree = "<group>";
		};
		CE8501EC2ACD4E6C00BE9B98 /* facebookUITests */ = {
			isa = PBXGroup;
			children = (
				CE8501ED2ACD4E6C00BE9B98 /* facebookUITests.swift */,
				CE8501EF2ACD4E6C00BE9B98 /* facebookUITestsLaunchTests.swift */,
			);
			path = facebookUITests;
			sourceTree = "<group>";
		};
/* End PBXGroup section */

/* Begin PBXNativeTarget section */
		CE8501C82ACD4E6900BE9B98 /* facebook */ = {
			isa = PBXNativeTarget;
			buildConfigurationList = CE8501F32ACD4E6C00BE9B98 /* Build configuration list for PBXNativeTarget "facebook" */;
			buildPhases = (
				CE8501C52ACD4E6900BE9B98 /* Sources */,
				CE8501C62ACD4E6900BE9B98 /* Frameworks */,
				CE8501C72ACD4E6900BE9B98 /* Resources */,
			);
			buildRules = (
			);
			dependencies = (
			);
			name = facebook;
			productName = facebook;
			productReference = CE8501C92ACD4E6900BE9B98 /* facebook.app */;
			productType = "com.apple.product-type.application";
		};
		CE8501DE2ACD4E6C00BE9B98 /* facebookTests */ = {
			isa = PBXNativeTarget;
			buildConfigurationList = CE8501F62ACD4E6C00BE9B98 /* Build configuration list for PBXNativeTarget "facebookTests" */;
			buildPhases = (
				CE8501DB2ACD4E6C00BE9B98 /* Sources */,
				CE8501DC2ACD4E6C00BE9B98 /* Frameworks */,
				CE8501DD2ACD4E6C00BE9B98 /* Resources */,
			);
			buildRules = (
			);
			dependencies = (
				CE8501E12ACD4E6C00BE9B98 /* PBXTargetDependency */,
			);
			name = facebookTests;
			productName = facebookTests;
			productReference = CE8501DF2ACD4E6C00BE9B98 /* facebookTests.xctest */;
			productType = "com.apple.product-type.bundle.unit-test";
		};
		CE8501E82ACD4E6C00BE9B98 /* facebookUITests */ = {
			isa = PBXNativeTarget;
			buildConfigurationList = CE8501F92ACD4E6C00BE9B98 /* Build configuration list for PBXNativeTarget "facebookUITests" */;
			buildPhases = (
				CE8501E52ACD4E6C00BE9B98 /* Sources */,
				CE8501E62ACD4E6C00BE9B98 /* Frameworks */,
				CE8501E72ACD4E6C00BE9B98 /* Resources */,
			);
			buildRules = (
			);
			dependencies = (
				CE8501EB2ACD4E6C00BE9B98 /* PBXTargetDependency */,
			);
			name = facebookUITests;
			productName = facebookUITests;
			productReference = CE8501E92ACD4E6C00BE9B98 /* facebookUITests.xctest */;
			productType = "com.apple.product-type.bundle.ui-testing";
		};
/* End PBXNativeTarget section */

/* Begin PBXProject section */
		CE8501C12ACD4E6900BE9B98 /* Project object */ = {
			isa = PBXProject;
			attributes = {
				BuildIndependentTargetsInParallel = 1;
				LastSwiftUpdateCheck = 1500;
				LastUpgradeCheck = 1500;
				TargetAttributes = {
					CE8501C82ACD4E6900BE9B98 = {
						CreatedOnToolsVersion = 15.0;
					};
					CE8501DE2ACD4E6C00BE9B98 = {
						CreatedOnToolsVersion = 15.0;
						TestTargetID = CE8501C82ACD4E6900BE9B98;
					};
					CE8501E82ACD4E6C00BE9B98 = {
						CreatedOnToolsVersion = 15.0;
						TestTargetID = CE8501C82ACD4E6900BE9B98;
					};
				};
			};
			buildConfigurationList = CE8501C42ACD4E6900BE9B98 /* Build configuration list for PBXProject "facebook" */;
			compatibilityVersion = "Xcode 14.0";
			developmentRegion = en;
			hasScannedForEncodings = 0;
			knownRegions = (
				en,
				Base,
			);
			mainGroup = CE8501C02ACD4E6900BE9B98;
			productRefGroup = CE8501CA2ACD4E6900BE9B98 /* Products */;
			projectDirPath = "";
			projectRoot = "";
			targets = (
				CE8501C82ACD4E6900BE9B98 /* facebook */,
				CE8501DE2ACD4E6C00BE9B98 /* facebookTests */,
				CE8501E82ACD4E6C00BE9B98 /* facebookUITests */,
			);
		};
/* End PBXProject section */

/* Begin PBXResourcesBuildPhase section */
		CE8501C72ACD4E6900BE9B98 /* Resources */ = {
			isa = PBXResourcesBuildPhase;
			buildActionMask = 2147483647;
			files = (
				CE8501D92ACD4E6C00BE9B98 /* LaunchScreen.storyboard in Resources */,
				CE8501D62ACD4E6C00BE9B98 /* Assets.xcassets in Resources */,
				CE8501D42ACD4E6900BE9B98 /* Main.storyboard in Resources */,
			);
			runOnlyForDeploymentPostprocessing = 0;
		};
		CE8501DD2ACD4E6C00BE9B98 /* Resources */ = {
			isa = PBXResourcesBuildPhase;
			buildActionMask = 2147483647;
			files = (
			);
			runOnlyForDeploymentPostprocessing = 0;
		};
		CE8501E72ACD4E6C00BE9B98 /* Resources */ = {
			isa = PBXResourcesBuildPhase;
			buildActionMask = 2147483647;
			files = (
			);
			runOnlyForDeploymentPostprocessing = 0;
		};
/* End PBXResourcesBuildPhase section */

/* Begin PBXSourcesBuildPhase section */
		CE8501C52ACD4E6900BE9B98 /* Sources */ = {
			isa = PBXSourcesBuildPhase;
			buildActionMask = 2147483647;
			files = (
				CE8501D12ACD4E6900BE9B98 /* ViewController.swift in Sources */,
				CE8501FD2ACD563B00BE9B98 /* fbTableViewController.swift in Sources */,
				CE8502032ACD56BA00BE9B98 /* userViewController.swift in Sources */,
				CE8501FF2ACD566900BE9B98 /* userfbTableViewCell.swift in Sources */,
				CE8501CD2ACD4E6900BE9B98 /* AppDelegate.swift in Sources */,
				CE8502012ACD567E00BE9B98 /* settingsfbTableViewCell.swift in Sources */,
				CE8501CF2ACD4E6900BE9B98 /* SceneDelegate.swift in Sources */,
			);
			runOnlyForDeploymentPostprocessing = 0;
		};
		CE8501DB2ACD4E6C00BE9B98 /* Sources */ = {
			isa = PBXSourcesBuildPhase;
			buildActionMask = 2147483647;
			files = (
				CE8501E42ACD4E6C00BE9B98 /* facebookTests.swift in Sources */,
			);
			runOnlyForDeploymentPostprocessing = 0;
		};
		CE8501E52ACD4E6C00BE9B98 /* Sources */ = {
			isa = PBXSourcesBuildPhase;
			buildActionMask = 2147483647;
			files = (
				CE8501F02ACD4E6C00BE9B98 /* facebookUITestsLaunchTests.swift in Sources */,
				CE8501EE2ACD4E6C00BE9B98 /* facebookUITests.swift in Sources */,
			);
			runOnlyForDeploymentPostprocessing = 0;
		};
/* End PBXSourcesBuildPhase section */

/* Begin PBXTargetDependency section */
		CE8501E12ACD4E6C00BE9B98 /* PBXTargetDependency */ = {
			isa = PBXTargetDependency;
			target = CE8501C82ACD4E6900BE9B98 /* facebook */;
			targetProxy = CE8501E02ACD4E6C00BE9B98 /* PBXContainerItemProxy */;
		};
		CE8501EB2ACD4E6C00BE9B98 /* PBXTargetDependency */ = {
			isa = PBXTargetDependency;
			target = CE8501C82ACD4E6900BE9B98 /* facebook */;
			targetProxy = CE8501EA2ACD4E6C00BE9B98 /* PBXContainerItemProxy */;
		};
/* End PBXTargetDependency section */

/* Begin PBXVariantGroup section */
		CE8501D22ACD4E6900BE9B98 /* Main.storyboard */ = {
			isa = PBXVariantGroup;
			children = (
				CE8501D32ACD4E6900BE9B98 /* Base */,
			);
			name = Main.storyboard;
			sourceTree = "<group>";
		};
		CE8501D72ACD4E6C00BE9B98 /* LaunchScreen.storyboard */ = {
			isa = PBXVariantGroup;
			children = (
				CE8501D82ACD4E6C00BE9B98 /* Base */,
			);
			name = LaunchScreen.storyboard;
			sourceTree = "<group>";
		};
/* End PBXVariantGroup section */

/* Begin XCBuildConfiguration section */
		CE8501F12ACD4E6C00BE9B98 /* Debug */ = {
			isa = XCBuildConfiguration;
			buildSettings = {
				ALWAYS_SEARCH_USER_PATHS = NO;
				ASSETCATALOG_COMPILER_GENERATE_SWIFT_ASSET_SYMBOL_EXTENSIONS = YES;
				CLANG_ANALYZER_NONNULL = YES;
				CLANG_ANALYZER_NUMBER_OBJECT_CONVERSION = YES_AGGRESSIVE;
				CLANG_CXX_LANGUAGE_STANDARD = "gnu++20";
				CLANG_ENABLE_MODULES = YES;
				CLANG_ENABLE_OBJC_ARC = YES;
				CLANG_ENABLE_OBJC_WEAK = YES;
				CLANG_WARN_BLOCK_CAPTURE_AUTORELEASING = YES;
				CLANG_WARN_BOOL_CONVERSION = YES;
				CLANG_WARN_COMMA = YES;
				CLANG_WARN_CONSTANT_CONVERSION = YES;
				CLANG_WARN_DEPRECATED_OBJC_IMPLEMENTATIONS = YES;
				CLANG_WARN_DIRECT_OBJC_ISA_USAGE = YES_ERROR;
				CLANG_WARN_DOCUMENTATION_COMMENTS = YES;
				CLANG_WARN_EMPTY_BODY = YES;
				CLANG_WARN_ENUM_CONVERSION = YES;
				CLANG_WARN_INFINITE_RECURSION = YES;
				CLANG_WARN_INT_CONVERSION = YES;
				CLANG_WARN_NON_LITERAL_NULL_CONVERSION = YES;
				CLANG_WARN_OBJC_IMPLICIT_RETAIN_SELF = YES;
				CLANG_WARN_OBJC_LITERAL_CONVERSION = YES;
				CLANG_WARN_OBJC_ROOT_CLASS = YES_ERROR;
				CLANG_WARN_QUOTED_INCLUDE_IN_FRAMEWORK_HEADER = YES;
				CLANG_WARN_RANGE_LOOP_ANALYSIS = YES;
				CLANG_WARN_STRICT_PROTOTYPES = YES;
				CLANG_WARN_SUSPICIOUS_MOVE = YES;
				CLANG_WARN_UNGUARDED_AVAILABILITY = YES_AGGRESSIVE;
				CLANG_WARN_UNREACHABLE_CODE = YES;
				CLANG_WARN__DUPLICATE_METHOD_MATCH = YES;
				COPY_PHASE_STRIP = NO;
				DEBUG_INFORMATION_FORMAT = dwarf;
				ENABLE_STRICT_OBJC_MSGSEND = YES;
				ENABLE_TESTABILITY = YES;
				ENABLE_USER_SCRIPT_SANDBOXING = YES;
				GCC_C_LANGUAGE_STANDARD = gnu17;
				GCC_DYNAMIC_NO_PIC = NO;
				GCC_NO_COMMON_BLOCKS = YES;
				GCC_OPTIMIZATION_LEVEL = 0;
				GCC_PREPROCESSOR_DEFINITIONS = (
					"DEBUG=1",
					"$(inherited)",
				);
				GCC_WARN_64_TO_32_BIT_CONVERSION = YES;
				GCC_WARN_ABOUT_RETURN_TYPE = YES_ERROR;
				GCC_WARN_UNDECLARED_SELECTOR = YES;
				GCC_WARN_UNINITIALIZED_AUTOS = YES_AGGRESSIVE;
				GCC_WARN_UNUSED_FUNCTION = YES;
				GCC_WARN_UNUSED_VARIABLE = YES;
				IPHONEOS_DEPLOYMENT_TARGET = 17.0;
				LOCALIZATION_PREFERS_STRING_CATALOGS = YES;
				MTL_ENABLE_DEBUG_INFO = INCLUDE_SOURCE;
				MTL_FAST_MATH = YES;
				ONLY_ACTIVE_ARCH = YES;
				SDKROOT = iphoneos;
				SWIFT_ACTIVE_COMPILATION_CONDITIONS = "DEBUG $(inherited)";
				SWIFT_OPTIMIZATION_LEVEL = "-Onone";
			};
			name = Debug;
		};
		CE8501F22ACD4E6C00BE9B98 /* Release */ = {
			isa = XCBuildConfiguration;
			buildSettings = {
				ALWAYS_SEARCH_USER_PATHS = NO;
				ASSETCATALOG_COMPILER_GENERATE_SWIFT_ASSET_SYMBOL_EXTENSIONS = YES;
				CLANG_ANALYZER_NONNULL = YES;
				CLANG_ANALYZER_NUMBER_OBJECT_CONVERSION = YES_AGGRESSIVE;
				CLANG_CXX_LANGUAGE_STANDARD = "gnu++20";
				CLANG_ENABLE_MODULES = YES;
				CLANG_ENABLE_OBJC_ARC = YES;
				CLANG_ENABLE_OBJC_WEAK = YES;
				CLANG_WARN_BLOCK_CAPTURE_AUTORELEASING = YES;
				CLANG_WARN_BOOL_CONVERSION = YES;
				CLANG_WARN_COMMA = YES;
				CLANG_WARN_CONSTANT_CONVERSION = YES;
				CLANG_WARN_DEPRECATED_OBJC_IMPLEMENTATIONS = YES;
				CLANG_WARN_DIRECT_OBJC_ISA_USAGE = YES_ERROR;
				CLANG_WARN_DOCUMENTATION_COMMENTS = YES;
				CLANG_WARN_EMPTY_BODY = YES;
				CLANG_WARN_ENUM_CONVERSION = YES;
				CLANG_WARN_INFINITE_RECURSION = YES;
				CLANG_WARN_INT_CONVERSION = YES;
				CLANG_WARN_NON_LITERAL_NULL_CONVERSION = YES;
				CLANG_WARN_OBJC_IMPLICIT_RETAIN_SELF = YES;
				CLANG_WARN_OBJC_LITERAL_CONVERSION = YES;
				CLANG_WARN_OBJC_ROOT_CLASS = YES_ERROR;
				CLANG_WARN_QUOTED_INCLUDE_IN_FRAMEWORK_HEADER = YES;
				CLANG_WARN_RANGE_LOOP_ANALYSIS = YES;
				CLANG_WARN_STRICT_PROTOTYPES = YES;
				CLANG_WARN_SUSPICIOUS_MOVE = YES;
				CLANG_WARN_UNGUARDED_AVAILABILITY = YES_AGGRESSIVE;
				CLANG_WARN_UNREACHABLE_CODE = YES;
				CLANG_WARN__DUPLICATE_METHOD_MATCH = YES;
				COPY_PHASE_STRIP = NO;
				DEBUG_INFORMATION_FORMAT = "dwarf-with-dsym";
				ENABLE_NS_ASSERTIONS = NO;
				ENABLE_STRICT_OBJC_MSGSEND = YES;
				ENABLE_USER_SCRIPT_SANDBOXING = YES;
				GCC_C_LANGUAGE_STANDARD = gnu17;
				GCC_NO_COMMON_BLOCKS = YES;
				GCC_WARN_64_TO_32_BIT_CONVERSION = YES;
				GCC_WARN_ABOUT_RETURN_TYPE = YES_ERROR;
				GCC_WARN_UNDECLARED_SELECTOR = YES;
				GCC_WARN_UNINITIALIZED_AUTOS = YES_AGGRESSIVE;
				GCC_WARN_UNUSED_FUNCTION = YES;
				GCC_WARN_UNUSED_VARIABLE = YES;
				IPHONEOS_DEPLOYMENT_TARGET = 17.0;
				LOCALIZATION_PREFERS_STRING_CATALOGS = YES;
				MTL_ENABLE_DEBUG_INFO = NO;
				MTL_FAST_MATH = YES;
				SDKROOT = iphoneos;
				SWIFT_COMPILATION_MODE = wholemodule;
				VALIDATE_PRODUCT = YES;
			};
			name = Release;
		};
		CE8501F42ACD4E6C00BE9B98 /* Debug */ = {
			isa = XCBuildConfiguration;
			buildSettings = {
				ASSETCATALOG_COMPILER_APPICON_NAME = AppIcon;
				ASSETCATALOG_COMPILER_GLOBAL_ACCENT_COLOR_NAME = AccentColor;
				CODE_SIGN_STYLE = Automatic;
				CURRENT_PROJECT_VERSION = 1;
				DEVELOPMENT_TEAM = 4D42KYYWJW;
				GENERATE_INFOPLIST_FILE = YES;
				INFOPLIST_FILE = facebook/Info.plist;
				INFOPLIST_KEY_UIApplicationSupportsIndirectInputEvents = YES;
				INFOPLIST_KEY_UILaunchStoryboardName = LaunchScreen;
				INFOPLIST_KEY_UIMainStoryboardFile = Main;
				INFOPLIST_KEY_UISupportedInterfaceOrientations_iPad = "UIInterfaceOrientationPortrait UIInterfaceOrientationPortraitUpsideDown UIInterfaceOrientationLandscapeLeft UIInterfaceOrientationLandscapeRight";
				INFOPLIST_KEY_UISupportedInterfaceOrientations_iPhone = "UIInterfaceOrientationPortrait UIInterfaceOrientationLandscapeLeft UIInterfaceOrientationLandscapeRight";
				LD_RUNPATH_SEARCH_PATHS = (
					"$(inherited)",
					"@executable_path/Frameworks",
				);
				MARKETING_VERSION = 1.0;
				PRODUCT_BUNDLE_IDENTIFIER = aswin.facebook;
				PRODUCT_NAME = "$(TARGET_NAME)";
				SWIFT_EMIT_LOC_STRINGS = YES;
				SWIFT_VERSION = 5.0;
				TARGETED_DEVICE_FAMILY = "1,2";
			};
			name = Debug;
		};
		CE8501F52ACD4E6C00BE9B98 /* Release */ = {
			isa = XCBuildConfiguration;
			buildSettings = {
				ASSETCATALOG_COMPILER_APPICON_NAME = AppIcon;
				ASSETCATALOG_COMPILER_GLOBAL_ACCENT_COLOR_NAME = AccentColor;
				CODE_SIGN_STYLE = Automatic;
				CURRENT_PROJECT_VERSION = 1;
				DEVELOPMENT_TEAM = 4D42KYYWJW;
				GENERATE_INFOPLIST_FILE = YES;
				INFOPLIST_FILE = facebook/Info.plist;
				INFOPLIST_KEY_UIApplicationSupportsIndirectInputEvents = YES;
				INFOPLIST_KEY_UILaunchStoryboardName = LaunchScreen;
				INFOPLIST_KEY_UIMainStoryboardFile = Main;
				INFOPLIST_KEY_UISupportedInterfaceOrientations_iPad = "UIInterfaceOrientationPortrait UIInterfaceOrientationPortraitUpsideDown UIInterfaceOrientationLandscapeLeft UIInterfaceOrientationLandscapeRight";
				INFOPLIST_KEY_UISupportedInterfaceOrientations_iPhone = "UIInterfaceOrientationPortrait UIInterfaceOrientationLandscapeLeft UIInterfaceOrientationLandscapeRight";
				LD_RUNPATH_SEARCH_PATHS = (
					"$(inherited)",
					"@executable_path/Frameworks",
				);
				MARKETING_VERSION = 1.0;
				PRODUCT_BUNDLE_IDENTIFIER = aswin.facebook;
				PRODUCT_NAME = "$(TARGET_NAME)";
				SWIFT_EMIT_LOC_STRINGS = YES;
				SWIFT_VERSION = 5.0;
				TARGETED_DEVICE_FAMILY = "1,2";
			};
			name = Release;
		};
		CE8501F72ACD4E6C00BE9B98 /* Debug */ = {
			isa = XCBuildConfiguration;
			buildSettings = {
				ALWAYS_EMBED_SWIFT_STANDARD_LIBRARIES = YES;
				BUNDLE_LOADER = "$(TEST_HOST)";
				CODE_SIGN_STYLE = Automatic;
				CURRENT_PROJECT_VERSION = 1;
				DEVELOPMENT_TEAM = 4D42KYYWJW;
				GENERATE_INFOPLIST_FILE = YES;
				IPHONEOS_DEPLOYMENT_TARGET = 17.0;
				MARKETING_VERSION = 1.0;
				PRODUCT_BUNDLE_IDENTIFIER = aswin.facebookTests;
				PRODUCT_NAME = "$(TARGET_NAME)";
				SWIFT_EMIT_LOC_STRINGS = NO;
				SWIFT_VERSION = 5.0;
				TARGETED_DEVICE_FAMILY = "1,2";
				TEST_HOST = "$(BUILT_PRODUCTS_DIR)/facebook.app/$(BUNDLE_EXECUTABLE_FOLDER_PATH)/facebook";
			};
			name = Debug;
		};
		CE8501F82ACD4E6C00BE9B98 /* Release */ = {
			isa = XCBuildConfiguration;
			buildSettings = {
				ALWAYS_EMBED_SWIFT_STANDARD_LIBRARIES = YES;
				BUNDLE_LOADER = "$(TEST_HOST)";
				CODE_SIGN_STYLE = Automatic;
				CURRENT_PROJECT_VERSION = 1;
				DEVELOPMENT_TEAM = 4D42KYYWJW;
				GENERATE_INFOPLIST_FILE = YES;
				IPHONEOS_DEPLOYMENT_TARGET = 17.0;
				MARKETING_VERSION = 1.0;
				PRODUCT_BUNDLE_IDENTIFIER = aswin.facebookTests;
				PRODUCT_NAME = "$(TARGET_NAME)";
				SWIFT_EMIT_LOC_STRINGS = NO;
				SWIFT_VERSION = 5.0;
				TARGETED_DEVICE_FAMILY = "1,2";
				TEST_HOST = "$(BUILT_PRODUCTS_DIR)/facebook.app/$(BUNDLE_EXECUTABLE_FOLDER_PATH)/facebook";
			};
			name = Release;
		};
		CE8501FA2ACD4E6C00BE9B98 /* Debug */ = {
			isa = XCBuildConfiguration;
			buildSettings = {
				ALWAYS_EMBED_SWIFT_STANDARD_LIBRARIES = YES;
				CODE_SIGN_STYLE = Automatic;
				CURRENT_PROJECT_VERSION = 1;
				DEVELOPMENT_TEAM = 4D42KYYWJW;
				GENERATE_INFOPLIST_FILE = YES;
				MARKETING_VERSION = 1.0;
				PRODUCT_BUNDLE_IDENTIFIER = aswin.facebookUITests;
				PRODUCT_NAME = "$(TARGET_NAME)";
				SWIFT_EMIT_LOC_STRINGS = NO;
				SWIFT_VERSION = 5.0;
				TARGETED_DEVICE_FAMILY = "1,2";
				TEST_TARGET_NAME = facebook;
			};
			name = Debug;
		};
		CE8501FB2ACD4E6C00BE9B98 /* Release */ = {
			isa = XCBuildConfiguration;
			buildSettings = {
				ALWAYS_EMBED_SWIFT_STANDARD_LIBRARIES = YES;
				CODE_SIGN_STYLE = Automatic;
				CURRENT_PROJECT_VERSION = 1;
				DEVELOPMENT_TEAM = 4D42KYYWJW;
				GENERATE_INFOPLIST_FILE = YES;
				MARKETING_VERSION = 1.0;
				PRODUCT_BUNDLE_IDENTIFIER = aswin.facebookUITests;
				PRODUCT_NAME = "$(TARGET_NAME)";
				SWIFT_EMIT_LOC_STRINGS = NO;
				SWIFT_VERSION = 5.0;
				TARGETED_DEVICE_FAMILY = "1,2";
				TEST_TARGET_NAME = facebook;
			};
			name = Release;
		};
/* End XCBuildConfiguration section */

/* Begin XCConfigurationList section */
		CE8501C42ACD4E6900BE9B98 /* Build configuration list for PBXProject "facebook" */ = {
			isa = XCConfigurationList;
			buildConfigurations = (
				CE8501F12ACD4E6C00BE9B98 /* Debug */,
				CE8501F22ACD4E6C00BE9B98 /* Release */,
			);
			defaultConfigurationIsVisible = 0;
			defaultConfigurationName = Release;
		};
		CE8501F32ACD4E6C00BE9B98 /* Build configuration list for PBXNativeTarget "facebook" */ = {
			isa = XCConfigurationList;
			buildConfigurations = (
				CE8501F42ACD4E6C00BE9B98 /* Debug */,
				CE8501F52ACD4E6C00BE9B98 /* Release */,
			);
			defaultConfigurationIsVisible = 0;
			defaultConfigurationName = Release;
		};
		CE8501F62ACD4E6C00BE9B98 /* Build configuration list for PBXNativeTarget "facebookTests" */ = {
			isa = XCConfigurationList;
			buildConfigurations = (
				CE8501F72ACD4E6C00BE9B98 /* Debug */,
				CE8501F82ACD4E6C00BE9B98 /* Release */,
			);
			defaultConfigurationIsVisible = 0;
			defaultConfigurationName = Release;
		};
		CE8501F92ACD4E6C00BE9B98 /* Build configuration list for PBXNativeTarget "facebookUITests" */ = {
			isa = XCConfigurationList;
			buildConfigurations = (
				CE8501FA2ACD4E6C00BE9B98 /* Debug */,
				CE8501FB2ACD4E6C00BE9B98 /* Release */,
			);
			defaultConfigurationIsVisible = 0;
			defaultConfigurationName = Release;
		};
/* End XCConfigurationList section */
	};
	rootObject = CE8501C12ACD4E6900BE9B98 /* Project object */;
}
